
Microsoft Visual Studio Solution File, Format Version 12.00
# Visual Studio Version 17
VisualStudioVersion = 17.10.35027.167
MinimumVisualStudioVersion = 10.0.40219.1
Project("{FAE04EC0-301F-11D3-BF4B-00C04F79EFBC}") = "TodoApi", "TodoApi\TodoApi.csproj", "{9EA46605-5623-474F-A18B-CBDEAF27FBC2}"
EndProject
Global
	GlobalSection(SolutionConfigurationPlatforms) = preSolution
		Debug|Any CPU = Debug|Any CPU
		Release|Any CPU = Release|Any CPU
	EndGlobalSection
	GlobalSection(ProjectConfigurationPlatforms) = postSolution
		{9EA46605-5623-474F-A18B-CBDEAF27FBC2}.Debug|Any CPU.ActiveCfg = Debug|Any CPU
		{9EA46605-5623-474F-A18B-CBDEAF27FBC2}.Debug|Any CPU.Build.0 = Debug|Any CPU
		{9EA46605-5623-474F-A18B-CBDEAF27FBC2}.Release|Any CPU.ActiveCfg = Release|Any CPU
		{9EA46605-5623-474F-A18B-CBDEAF27FBC2}.Release|Any CPU.Build.0 = Release|Any CPU
	EndGlobalSection
	GlobalSection(SolutionProperties) = preSolution
		HideSolutionNode = FALSE
	EndGlobalSection
	GlobalSection(ExtensibilityGlobals) = postSolution
		SolutionGuid = {DDA609FA-C135-40E7-A5CB-BE80F2258FD5}
	EndGlobalSection
EndGlobal
